# This file is automatically @generated by Cargo.
# It is not intended for manual editing.
version = 3

[[package]]
name = "day03"
version = "0.1.0"
dependencies = [
 "iter-set",
]

[[package]]
name = "iter-set"
version = "2.0.2"
source = "registry+https://github.com/rust-lang/crates.io-index"
checksum = "d383de7eb06945341d858e79642070db6c357978a753ebf6aacf43975d73ad9b"
